
Microsoft Visual Studio Solution File, Format Version 12.00
# Visual Studio Version 17
VisualStudioVersion = 17.11.35222.181
MinimumVisualStudioVersion = 10.0.40219.1
Project("{9A19103F-16F7-4668-BE54-9A1E7A4F7556}") = "ShahG.Utilities", "ShahG.Utilities\ShahG.Utilities.csproj", "{1934AAB3-32FC-4399-869F-64D2CBAA7D61}"
EndProject
Global
	GlobalSection(SolutionConfigurationPlatforms) = preSolution
		Debug|Any CPU = Debug|Any CPU
		Release|Any CPU = Release|Any CPU
	EndGlobalSection
	GlobalSection(ProjectConfigurationPlatforms) = postSolution
		{1934AAB3-32FC-4399-869F-64D2CBAA7D61}.Debug|Any CPU.ActiveCfg = Debug|Any CPU
		{1934AAB3-32FC-4399-869F-64D2CBAA7D61}.Debug|Any CPU.Build.0 = Debug|Any CPU
		{1934AAB3-32FC-4399-869F-64D2CBAA7D61}.Release|Any CPU.ActiveCfg = Release|Any CPU
		{1934AAB3-32FC-4399-869F-64D2CBAA7D61}.Release|Any CPU.Build.0 = Release|Any CPU
	EndGlobalSection
	GlobalSection(SolutionProperties) = preSolution
		HideSolutionNode = FALSE
	EndGlobalSection
	GlobalSection(ExtensibilityGlobals) = postSolution
		SolutionGuid = {76B6BB50-7070-41A0-9DD7-FF99E6094817}
	EndGlobalSection
EndGlobal
